
Microsoft Visual Studio Solution File, Format Version 12.00
# Visual Studio Version 17
VisualStudioVersion = 17.4.33103.184
MinimumVisualStudioVersion = 10.0.40219.1
Project("{FAE04EC0-301F-11D3-BF4B-00C04F79EFBC}") = "ejemplo2.5", "ejemplo2.5\ejemplo2.5.csproj", "{D77B3F11-66CD-4838-AB0A-CE8032BFB09B}"
EndProject
Global
	GlobalSection(SolutionConfigurationPlatforms) = preSolution
		Debug|Any CPU = Debug|Any CPU
		Release|Any CPU = Release|Any CPU
	EndGlobalSection
	GlobalSection(ProjectConfigurationPlatforms) = postSolution
		{D77B3F11-66CD-4838-AB0A-CE8032BFB09B}.Debug|Any CPU.ActiveCfg = Debug|Any CPU
		{D77B3F11-66CD-4838-AB0A-CE8032BFB09B}.Debug|Any CPU.Build.0 = Debug|Any CPU
		{D77B3F11-66CD-4838-AB0A-CE8032BFB09B}.Release|Any CPU.ActiveCfg = Release|Any CPU
		{D77B3F11-66CD-4838-AB0A-CE8032BFB09B}.Release|Any CPU.Build.0 = Release|Any CPU
	EndGlobalSection
	GlobalSection(SolutionProperties) = preSolution
		HideSolutionNode = FALSE
	EndGlobalSection
	GlobalSection(ExtensibilityGlobals) = postSolution
		SolutionGuid = {A8EF0A4F-3520-46D1-98C4-427B7F001415}
	EndGlobalSection
EndGlobal
